// !$*UTF8*$!
{
	archiveVersion = 1;
	classes = {
	};
	objectVersion = 50;
	objects = {

/* Begin PBXBuildFile section */
		DA1FB5332124033E002291C8 /* Parser.swift in Sources */ = {isa = PBXBuildFile; fileRef = DA1FB5322124033E002291C8 /* Parser.swift */; };
		DA1FB53521240360002291C8 /* TestImplementationTraits.swift in Sources */ = {isa = PBXBuildFile; fileRef = DA1FB53421240360002291C8 /* TestImplementationTraits.swift */; };
		DA1FB53721240388002291C8 /* Application.swift in Sources */ = {isa = PBXBuildFile; fileRef = DA1FB53621240388002291C8 /* Application.swift */; };
		DA1FB539212404A2002291C8 /* libMarkdownHero.a in Frameworks */ = {isa = PBXBuildFile; fileRef = DA1FB52A2124019D002291C8 /* libMarkdownHero.a */; };
		DA1FB53A212404A8002291C8 /* libMarkdownHero.a in Frameworks */ = {isa = PBXBuildFile; fileRef = DA1FB52A2124019D002291C8 /* libMarkdownHero.a */; };
		DA1FB53C212404CD002291C8 /* LaunchScreen.storyboard in Resources */ = {isa = PBXBuildFile; fileRef = DA1FB53B212404CD002291C8 /* LaunchScreen.storyboard */; };
		DA4380D8212406A000C8128D /* Demo.swift in Sources */ = {isa = PBXBuildFile; fileRef = DA4380D7212406A000C8128D /* Demo.swift */; };
		DA4380DA2124073800C8128D /* Factory.swift in Sources */ = {isa = PBXBuildFile; fileRef = DA4380D92124073800C8128D /* Factory.swift */; };
		DA4380DC2124075E00C8128D /* Implementation.swift in Sources */ = {isa = PBXBuildFile; fileRef = DA4380DB2124075E00C8128D /* Implementation.swift */; };
		DA4380DE21240D6600C8128D /* Interpreter.swift in Sources */ = {isa = PBXBuildFile; fileRef = DA4380DD21240D6600C8128D /* Interpreter.swift */; };
		DA4380E621242C3800C8128D /* Cleaner.swift in Sources */ = {isa = PBXBuildFile; fileRef = DA4380E521242C3800C8128D /* Cleaner.swift */; };
		DA4380E821242DF100C8128D /* Constants.swift in Sources */ = {isa = PBXBuildFile; fileRef = DA4380E721242DF100C8128D /* Constants.swift */; };
		DA4380EA2124431400C8128D /* TraitsInterpreter.swift in Sources */ = {isa = PBXBuildFile; fileRef = DA4380E92124431400C8128D /* TraitsInterpreter.swift */; };
/* End PBXBuildFile section */

/* Begin PBXContainerItemProxy section */
		DAD3633A2123FFD100E9CA44 /* PBXContainerItemProxy */ = {
			isa = PBXContainerItemProxy;
			containerPortal = DAD3631F2123FF9E00E9CA44 /* Project object */;
			proxyType = 1;
			remoteGlobalIDString = DAD363262123FF9E00E9CA44;
			remoteInfo = MarkdownHero;
		};
/* End PBXContainerItemProxy section */

/* Begin PBXCopyFilesBuildPhase section */
		DAD363252123FF9E00E9CA44 /* CopyFiles */ = {
			isa = PBXCopyFilesBuildPhase;
			buildActionMask = 2147483647;
			dstPath = "include/$(PRODUCT_NAME)";
			dstSubfolderSpec = 16;
			files = (
			);
			runOnlyForDeploymentPostprocessing = 0;
		};
/* End PBXCopyFilesBuildPhase section */

/* Begin PBXFileReference section */
		DA1FB52A2124019D002291C8 /* libMarkdownHero.a */ = {isa = PBXFileReference; explicitFileType = archive.ar; includeInIndex = 0; path = libMarkdownHero.a; sourceTree = BUILT_PRODUCTS_DIR; };
		DA1FB52B2124019D002291C8 /* Tests.xctest */ = {isa = PBXFileReference; explicitFileType = wrapper.cfbundle; includeInIndex = 0; path = Tests.xctest; sourceTree = BUILT_PRODUCTS_DIR; };
		DA1FB52C2124019D002291C8 /* Demo.app */ = {isa = PBXFileReference; explicitFileType = wrapper.application; includeInIndex = 0; path = Demo.app; sourceTree = BUILT_PRODUCTS_DIR; };
		DA1FB5322124033E002291C8 /* Parser.swift */ = {isa = PBXFileReference; lastKnownFileType = sourcecode.swift; path = Parser.swift; sourceTree = "<group>"; };
		DA1FB53421240360002291C8 /* TestImplementationTraits.swift */ = {isa = PBXFileReference; lastKnownFileType = sourcecode.swift; path = TestImplementationTraits.swift; sourceTree = "<group>"; };
		DA1FB53621240388002291C8 /* Application.swift */ = {isa = PBXFileReference; lastKnownFileType = sourcecode.swift; path = Application.swift; sourceTree = "<group>"; };
		DA1FB53B212404CD002291C8 /* LaunchScreen.storyboard */ = {isa = PBXFileReference; lastKnownFileType = file.storyboard; path = LaunchScreen.storyboard; sourceTree = "<group>"; };
		DA4380D7212406A000C8128D /* Demo.swift */ = {isa = PBXFileReference; lastKnownFileType = sourcecode.swift; path = Demo.swift; sourceTree = "<group>"; };
		DA4380D92124073800C8128D /* Factory.swift */ = {isa = PBXFileReference; lastKnownFileType = sourcecode.swift; path = Factory.swift; sourceTree = "<group>"; };
		DA4380DB2124075E00C8128D /* Implementation.swift */ = {isa = PBXFileReference; lastKnownFileType = sourcecode.swift; path = Implementation.swift; sourceTree = "<group>"; };
		DA4380DD21240D6600C8128D /* Interpreter.swift */ = {isa = PBXFileReference; lastKnownFileType = sourcecode.swift; path = Interpreter.swift; sourceTree = "<group>"; };
		DA4380E521242C3800C8128D /* Cleaner.swift */ = {isa = PBXFileReference; lastKnownFileType = sourcecode.swift; path = Cleaner.swift; sourceTree = "<group>"; };
		DA4380E721242DF100C8128D /* Constants.swift */ = {isa = PBXFileReference; lastKnownFileType = sourcecode.swift; path = Constants.swift; sourceTree = "<group>"; };
		DA4380E92124431400C8128D /* TraitsInterpreter.swift */ = {isa = PBXFileReference; lastKnownFileType = sourcecode.swift; path = TraitsInterpreter.swift; sourceTree = "<group>"; };
/* End PBXFileReference section */

/* Begin PBXFrameworksBuildPhase section */
		DAD363242123FF9E00E9CA44 /* Frameworks */ = {
			isa = PBXFrameworksBuildPhase;
			buildActionMask = 2147483647;
			files = (
			);
			runOnlyForDeploymentPostprocessing = 0;
		};
		DAD363322123FFD100E9CA44 /* Frameworks */ = {
			isa = PBXFrameworksBuildPhase;
			buildActionMask = 2147483647;
			files = (
				DA1FB539212404A2002291C8 /* libMarkdownHero.a in Frameworks */,
			);
			runOnlyForDeploymentPostprocessing = 0;
		};
		DAD363402123FFF500E9CA44 /* Frameworks */ = {
			isa = PBXFrameworksBuildPhase;
			buildActionMask = 2147483647;
			files = (
				DA1FB53A212404A8002291C8 /* libMarkdownHero.a in Frameworks */,
			);
			runOnlyForDeploymentPostprocessing = 0;
		};
/* End PBXFrameworksBuildPhase section */

/* Begin PBXGroup section */
		DA1FB52E212402A2002291C8 /* Demo */ = {
			isa = PBXGroup;
			children = (
				DA1FB53621240388002291C8 /* Application.swift */,
				DA4380D7212406A000C8128D /* Demo.swift */,
			);
			path = Demo;
			sourceTree = "<group>";
		};
		DA1FB52F212402D2002291C8 /* Resources */ = {
			isa = PBXGroup;
			children = (
				DA1FB53B212404CD002291C8 /* LaunchScreen.storyboard */,
			);
			path = Resources;
			sourceTree = "<group>";
		};
		DA1FB530212402DD002291C8 /* Source */ = {
			isa = PBXGroup;
			children = (
				DA1FB5322124033E002291C8 /* Parser.swift */,
				DA4380DB2124075E00C8128D /* Implementation.swift */,
				DA4380E521242C3800C8128D /* Cleaner.swift */,
				DA4380DD21240D6600C8128D /* Interpreter.swift */,
				DA4380E92124431400C8128D /* TraitsInterpreter.swift */,
				DA4380D92124073800C8128D /* Factory.swift */,
				DA4380E721242DF100C8128D /* Constants.swift */,
			);
			path = Source;
			sourceTree = "<group>";
		};
		DA1FB531212402E5002291C8 /* Tests */ = {
			isa = PBXGroup;
			children = (
				DA1FB53421240360002291C8 /* TestImplementationTraits.swift */,
			);
			path = Tests;
			sourceTree = "<group>";
		};
		DAD3631E2123FF9E00E9CA44 = {
			isa = PBXGroup;
			children = (
				DA1FB530212402DD002291C8 /* Source */,
				DA1FB531212402E5002291C8 /* Tests */,
				DA1FB52E212402A2002291C8 /* Demo */,
				DA1FB52F212402D2002291C8 /* Resources */,
				DA1FB52A2124019D002291C8 /* libMarkdownHero.a */,
				DA1FB52B2124019D002291C8 /* Tests.xctest */,
				DA1FB52C2124019D002291C8 /* Demo.app */,
			);
			sourceTree = "<group>";
		};
/* End PBXGroup section */

/* Begin PBXNativeTarget section */
		DAD363262123FF9E00E9CA44 /* MarkdownHero */ = {
			isa = PBXNativeTarget;
			buildConfigurationList = DAD3632E2123FF9E00E9CA44 /* Build configuration list for PBXNativeTarget "MarkdownHero" */;
			buildPhases = (
				DAD363232123FF9E00E9CA44 /* Sources */,
				DAD363242123FF9E00E9CA44 /* Frameworks */,
				DAD363252123FF9E00E9CA44 /* CopyFiles */,
			);
			buildRules = (
			);
			dependencies = (
			);
			name = MarkdownHero;
			productName = MarkdownHero;
			productReference = DA1FB52A2124019D002291C8 /* libMarkdownHero.a */;
			productType = "com.apple.product-type.library.static";
		};
		DAD363342123FFD100E9CA44 /* Tests */ = {
			isa = PBXNativeTarget;
			buildConfigurationList = DAD3633C2123FFD100E9CA44 /* Build configuration list for PBXNativeTarget "Tests" */;
			buildPhases = (
				DAD363312123FFD100E9CA44 /* Sources */,
				DAD363322123FFD100E9CA44 /* Frameworks */,
				DAD363332123FFD100E9CA44 /* Resources */,
			);
			buildRules = (
			);
			dependencies = (
				DAD3633B2123FFD100E9CA44 /* PBXTargetDependency */,
			);
			name = Tests;
			productName = Tests;
			productReference = DA1FB52B2124019D002291C8 /* Tests.xctest */;
			productType = "com.apple.product-type.bundle.unit-test";
		};
		DAD363422123FFF500E9CA44 /* Demo */ = {
			isa = PBXNativeTarget;
			buildConfigurationList = DAD363522123FFF600E9CA44 /* Build configuration list for PBXNativeTarget "Demo" */;
			buildPhases = (
				DAD3633F2123FFF500E9CA44 /* Sources */,
				DAD363402123FFF500E9CA44 /* Frameworks */,
				DAD363412123FFF500E9CA44 /* Resources */,
			);
			buildRules = (
			);
			dependencies = (
			);
			name = Demo;
			productName = Demo;
			productReference = DA1FB52C2124019D002291C8 /* Demo.app */;
			productType = "com.apple.product-type.application";
		};
/* End PBXNativeTarget section */

/* Begin PBXProject section */
		DAD3631F2123FF9E00E9CA44 /* Project object */ = {
			isa = PBXProject;
			attributes = {
				LastSwiftUpdateCheck = 1000;
				LastUpgradeCheck = 1000;
				ORGANIZATIONNAME = iturbide;
				TargetAttributes = {
					DAD363262123FF9E00E9CA44 = {
						CreatedOnToolsVersion = 10.0;
						LastSwiftMigration = 1000;
					};
					DAD363342123FFD100E9CA44 = {
						CreatedOnToolsVersion = 10.0;
						LastSwiftMigration = 1000;
					};
					DAD363422123FFF500E9CA44 = {
						CreatedOnToolsVersion = 10.0;
						LastSwiftMigration = 1000;
					};
				};
			};
			buildConfigurationList = DAD363222123FF9E00E9CA44 /* Build configuration list for PBXProject "MarkdownHero" */;
			compatibilityVersion = "Xcode 9.3";
			developmentRegion = en;
			hasScannedForEncodings = 0;
			knownRegions = (
				en,
			);
			mainGroup = DAD3631E2123FF9E00E9CA44;
			productRefGroup = DAD3631E2123FF9E00E9CA44;
			projectDirPath = "";
			projectRoot = "";
			targets = (
				DAD363262123FF9E00E9CA44 /* MarkdownHero */,
				DAD363342123FFD100E9CA44 /* Tests */,
				DAD363422123FFF500E9CA44 /* Demo */,
			);
		};
/* End PBXProject section */

/* Begin PBXResourcesBuildPhase section */
		DAD363332123FFD100E9CA44 /* Resources */ = {
			isa = PBXResourcesBuildPhase;
			buildActionMask = 2147483647;
			files = (
			);
			runOnlyForDeploymentPostprocessing = 0;
		};
		DAD363412123FFF500E9CA44 /* Resources */ = {
			isa = PBXResourcesBuildPhase;
			buildActionMask = 2147483647;
			files = (
				DA1FB53C212404CD002291C8 /* LaunchScreen.storyboard in Resources */,
			);
			runOnlyForDeploymentPostprocessing = 0;
		};
/* End PBXResourcesBuildPhase section */

/* Begin PBXSourcesBuildPhase section */
		DAD363232123FF9E00E9CA44 /* Sources */ = {
			isa = PBXSourcesBuildPhase;
			buildActionMask = 2147483647;
			files = (
				DA4380DE21240D6600C8128D /* Interpreter.swift in Sources */,
				DA4380E621242C3800C8128D /* Cleaner.swift in Sources */,
				DA4380DA2124073800C8128D /* Factory.swift in Sources */,
				DA4380DC2124075E00C8128D /* Implementation.swift in Sources */,
				DA1FB5332124033E002291C8 /* Parser.swift in Sources */,
				DA4380EA2124431400C8128D /* TraitsInterpreter.swift in Sources */,
				DA4380E821242DF100C8128D /* Constants.swift in Sources */,
			);
			runOnlyForDeploymentPostprocessing = 0;
		};
		DAD363312123FFD100E9CA44 /* Sources */ = {
			isa = PBXSourcesBuildPhase;
			buildActionMask = 2147483647;
			files = (
				DA1FB53521240360002291C8 /* TestImplementationTraits.swift in Sources */,
			);
			runOnlyForDeploymentPostprocessing = 0;
		};
		DAD3633F2123FFF500E9CA44 /* Sources */ = {
			isa = PBXSourcesBuildPhase;
			buildActionMask = 2147483647;
			files = (
				DA4380D8212406A000C8128D /* Demo.swift in Sources */,
				DA1FB53721240388002291C8 /* Application.swift in Sources */,
			);
			runOnlyForDeploymentPostprocessing = 0;
		};
/* End PBXSourcesBuildPhase section */

/* Begin PBXTargetDependency section */
		DAD3633B2123FFD100E9CA44 /* PBXTargetDependency */ = {
			isa = PBXTargetDependency;
			target = DAD363262123FF9E00E9CA44 /* MarkdownHero */;
			targetProxy = DAD3633A2123FFD100E9CA44 /* PBXContainerItemProxy */;
		};
/* End PBXTargetDependency section */

/* Begin XCBuildConfiguration section */
		DAD3632C2123FF9E00E9CA44 /* Debug */ = {
			isa = XCBuildConfiguration;
			buildSettings = {
				ALWAYS_SEARCH_USER_PATHS = NO;
				CLANG_ANALYZER_NONNULL = YES;
				CLANG_ANALYZER_NUMBER_OBJECT_CONVERSION = YES_AGGRESSIVE;
				CLANG_CXX_LANGUAGE_STANDARD = "gnu++14";
				CLANG_CXX_LIBRARY = "libc++";
				CLANG_ENABLE_OBJC_ARC = YES;
				CLANG_ENABLE_OBJC_WEAK = YES;
				CLANG_WARN_BLOCK_CAPTURE_AUTORELEASING = YES;
				CLANG_WARN_BOOL_CONVERSION = YES;
				CLANG_WARN_COMMA = YES;
				CLANG_WARN_CONSTANT_CONVERSION = YES;
				CLANG_WARN_DEPRECATED_OBJC_IMPLEMENTATIONS = YES;
				CLANG_WARN_DIRECT_OBJC_ISA_USAGE = YES_ERROR;
				CLANG_WARN_DOCUMENTATION_COMMENTS = YES;
				CLANG_WARN_EMPTY_BODY = YES;
				CLANG_WARN_ENUM_CONVERSION = YES;
				CLANG_WARN_INFINITE_RECURSION = YES;
				CLANG_WARN_INT_CONVERSION = YES;
				CLANG_WARN_NON_LITERAL_NULL_CONVERSION = YES;
				CLANG_WARN_OBJC_IMPLICIT_RETAIN_SELF = YES;
				CLANG_WARN_OBJC_LITERAL_CONVERSION = YES;
				CLANG_WARN_OBJC_ROOT_CLASS = YES_ERROR;
				CLANG_WARN_RANGE_LOOP_ANALYSIS = YES;
				CLANG_WARN_STRICT_PROTOTYPES = YES;
				CLANG_WARN_SUSPICIOUS_MOVE = YES;
				CLANG_WARN_UNGUARDED_AVAILABILITY = YES_AGGRESSIVE;
				CLANG_WARN_UNREACHABLE_CODE = YES;
				CLANG_WARN__DUPLICATE_METHOD_MATCH = YES;
				CODE_SIGN_IDENTITY = "iPhone Developer";
				COPY_PHASE_STRIP = NO;
				DEBUG_INFORMATION_FORMAT = dwarf;
				ENABLE_STRICT_OBJC_MSGSEND = YES;
				ENABLE_TESTABILITY = YES;
				GCC_C_LANGUAGE_STANDARD = gnu11;
				GCC_DYNAMIC_NO_PIC = NO;
				GCC_NO_COMMON_BLOCKS = YES;
				GCC_OPTIMIZATION_LEVEL = 0;
				GCC_PREPROCESSOR_DEFINITIONS = (
					"DEBUG=1",
					"$(inherited)",
				);
				GCC_WARN_64_TO_32_BIT_CONVERSION = YES;
				GCC_WARN_ABOUT_RETURN_TYPE = YES_ERROR;
				GCC_WARN_UNDECLARED_SELECTOR = YES;
				GCC_WARN_UNINITIALIZED_AUTOS = YES_AGGRESSIVE;
				GCC_WARN_UNUSED_FUNCTION = YES;
				GCC_WARN_UNUSED_VARIABLE = YES;
				IPHONEOS_DEPLOYMENT_TARGET = 9.0;
				MTL_ENABLE_DEBUG_INFO = INCLUDE_SOURCE;
				MTL_FAST_MATH = YES;
				ONLY_ACTIVE_ARCH = YES;
				SDKROOT = iphoneos;
				SWIFT_ACTIVE_COMPILATION_CONDITIONS = DEBUG;
				SWIFT_INSTALL_OBJC_HEADER = NO;
				SWIFT_OPTIMIZATION_LEVEL = "-Onone";
				SWIFT_VERSION = 4.2;
			};
			name = Debug;
		};
		DAD3632D2123FF9E00E9CA44 /* Release */ = {
			isa = XCBuildConfiguration;
			buildSettings = {
				ALWAYS_SEARCH_USER_PATHS = NO;
				CLANG_ANALYZER_NONNULL = YES;
				CLANG_ANALYZER_NUMBER_OBJECT_CONVERSION = YES_AGGRESSIVE;
				CLANG_CXX_LANGUAGE_STANDARD = "gnu++14";
				CLANG_CXX_LIBRARY = "libc++";
				CLANG_ENABLE_OBJC_ARC = YES;
				CLANG_ENABLE_OBJC_WEAK = YES;
				CLANG_WARN_BLOCK_CAPTURE_AUTORELEASING = YES;
				CLANG_WARN_BOOL_CONVERSION = YES;
				CLANG_WARN_COMMA = YES;
				CLANG_WARN_CONSTANT_CONVERSION = YES;
				CLANG_WARN_DEPRECATED_OBJC_IMPLEMENTATIONS = YES;
				CLANG_WARN_DIRECT_OBJC_ISA_USAGE = YES_ERROR;
				CLANG_WARN_DOCUMENTATION_COMMENTS = YES;
				CLANG_WARN_EMPTY_BODY = YES;
				CLANG_WARN_ENUM_CONVERSION = YES;
				CLANG_WARN_INFINITE_RECURSION = YES;
				CLANG_WARN_INT_CONVERSION = YES;
				CLANG_WARN_NON_LITERAL_NULL_CONVERSION = YES;
				CLANG_WARN_OBJC_IMPLICIT_RETAIN_SELF = YES;
				CLANG_WARN_OBJC_LITERAL_CONVERSION = YES;
				CLANG_WARN_OBJC_ROOT_CLASS = YES_ERROR;
				CLANG_WARN_RANGE_LOOP_ANALYSIS = YES;
				CLANG_WARN_STRICT_PROTOTYPES = YES;
				CLANG_WARN_SUSPICIOUS_MOVE = YES;
				CLANG_WARN_UNGUARDED_AVAILABILITY = YES_AGGRESSIVE;
				CLANG_WARN_UNREACHABLE_CODE = YES;
				CLANG_WARN__DUPLICATE_METHOD_MATCH = YES;
				CODE_SIGN_IDENTITY = "iPhone Developer";
				COPY_PHASE_STRIP = NO;
				DEBUG_INFORMATION_FORMAT = dwarf;
				ENABLE_NS_ASSERTIONS = NO;
				ENABLE_STRICT_OBJC_MSGSEND = YES;
				GCC_C_LANGUAGE_STANDARD = gnu11;
				GCC_NO_COMMON_BLOCKS = YES;
				GCC_WARN_64_TO_32_BIT_CONVERSION = YES;
				GCC_WARN_ABOUT_RETURN_TYPE = YES_ERROR;
				GCC_WARN_UNDECLARED_SELECTOR = YES;
				GCC_WARN_UNINITIALIZED_AUTOS = YES_AGGRESSIVE;
				GCC_WARN_UNUSED_FUNCTION = YES;
				GCC_WARN_UNUSED_VARIABLE = YES;
				IPHONEOS_DEPLOYMENT_TARGET = 9.0;
				MTL_ENABLE_DEBUG_INFO = NO;
				MTL_FAST_MATH = YES;
				SDKROOT = iphoneos;
				SWIFT_COMPILATION_MODE = wholemodule;
				SWIFT_INSTALL_OBJC_HEADER = NO;
				SWIFT_OPTIMIZATION_LEVEL = "-O";
				SWIFT_VERSION = 4.2;
				VALIDATE_PRODUCT = YES;
			};
			name = Release;
		};
		DAD3632F2123FF9E00E9CA44 /* Debug */ = {
			isa = XCBuildConfiguration;
			buildSettings = {
				CODE_SIGN_STYLE = Automatic;
				LD_RUNPATH_SEARCH_PATHS = (
					"$(inherited)",
					"@executable_path/Frameworks",
					"@loader_path/Frameworks",
				);
				OTHER_LDFLAGS = "-ObjC";
				PRODUCT_NAME = "$(TARGET_NAME)";
				SKIP_INSTALL = YES;
				SWIFT_OPTIMIZATION_LEVEL = "-Onone";
				TARGETED_DEVICE_FAMILY = "1,2";
			};
			name = Debug;
		};
		DAD363302123FF9E00E9CA44 /* Release */ = {
			isa = XCBuildConfiguration;
			buildSettings = {
				CODE_SIGN_STYLE = Automatic;
				LD_RUNPATH_SEARCH_PATHS = (
					"$(inherited)",
					"@executable_path/Frameworks",
					"@loader_path/Frameworks",
				);
				OTHER_LDFLAGS = "-ObjC";
				PRODUCT_NAME = "$(TARGET_NAME)";
				SKIP_INSTALL = YES;
				TARGETED_DEVICE_FAMILY = "1,2";
			};
			name = Release;
		};
		DAD3633D2123FFD100E9CA44 /* Debug */ = {
			isa = XCBuildConfiguration;
			buildSettings = {
				ALWAYS_EMBED_SWIFT_STANDARD_LIBRARIES = YES;
				CODE_SIGN_STYLE = Automatic;
				DEVELOPMENT_TEAM = 7AMWG3RLHN;
				INFOPLIST_FILE = Configuration/tests.plist;
				LD_RUNPATH_SEARCH_PATHS = (
					"$(inherited)",
					"@executable_path/Frameworks",
					"@loader_path/Frameworks",
				);
				PRODUCT_BUNDLE_IDENTIFIER = iturbide.MarkdownHero.Tests;
				PRODUCT_NAME = "$(TARGET_NAME)";
				SWIFT_OPTIMIZATION_LEVEL = "-Onone";
				TARGETED_DEVICE_FAMILY = "1,2";
			};
			name = Debug;
		};
		DAD3633E2123FFD100E9CA44 /* Release */ = {
			isa = XCBuildConfiguration;
			buildSettings = {
				ALWAYS_EMBED_SWIFT_STANDARD_LIBRARIES = YES;
				CODE_SIGN_STYLE = Automatic;
				DEVELOPMENT_TEAM = 7AMWG3RLHN;
				INFOPLIST_FILE = Configuration/tests.plist;
				LD_RUNPATH_SEARCH_PATHS = (
					"$(inherited)",
					"@executable_path/Frameworks",
					"@loader_path/Frameworks",
				);
				PRODUCT_BUNDLE_IDENTIFIER = iturbide.MarkdownHero.Tests;
				PRODUCT_NAME = "$(TARGET_NAME)";
				TARGETED_DEVICE_FAMILY = "1,2";
			};
			name = Release;
		};
		DAD363532123FFF600E9CA44 /* Debug */ = {
			isa = XCBuildConfiguration;
			buildSettings = {
				CODE_SIGN_STYLE = Automatic;
				DEVELOPMENT_TEAM = 7AMWG3RLHN;
				INFOPLIST_FILE = Configuration/demo.plist;
				LD_RUNPATH_SEARCH_PATHS = (
					"$(inherited)",
					"@executable_path/Frameworks",
				);
				PRODUCT_BUNDLE_IDENTIFIER = iturbide.MarkdownHero;
				PRODUCT_NAME = "$(TARGET_NAME)";
				SWIFT_OPTIMIZATION_LEVEL = "-Onone";
				TARGETED_DEVICE_FAMILY = "1,2";
			};
			name = Debug;
		};
		DAD363542123FFF600E9CA44 /* Release */ = {
			isa = XCBuildConfiguration;
			buildSettings = {
				CODE_SIGN_STYLE = Automatic;
				DEVELOPMENT_TEAM = 7AMWG3RLHN;
				INFOPLIST_FILE = Configuration/demo.plist;
				LD_RUNPATH_SEARCH_PATHS = (
					"$(inherited)",
					"@executable_path/Frameworks",
				);
				PRODUCT_BUNDLE_IDENTIFIER = iturbide.MarkdownHero;
				PRODUCT_NAME = "$(TARGET_NAME)";
				TARGETED_DEVICE_FAMILY = "1,2";
			};
			name = Release;
		};
/* End XCBuildConfiguration section */

/* Begin XCConfigurationList section */
		DAD363222123FF9E00E9CA44 /* Build configuration list for PBXProject "MarkdownHero" */ = {
			isa = XCConfigurationList;
			buildConfigurations = (
				DAD3632C2123FF9E00E9CA44 /* Debug */,
				DAD3632D2123FF9E00E9CA44 /* Release */,
			);
			defaultConfigurationIsVisible = 0;
			defaultConfigurationName = Release;
		};
		DAD3632E2123FF9E00E9CA44 /* Build configuration list for PBXNativeTarget "MarkdownHero" */ = {
			isa = XCConfigurationList;
			buildConfigurations = (
				DAD3632F2123FF9E00E9CA44 /* Debug */,
				DAD363302123FF9E00E9CA44 /* Release */,
			);
			defaultConfigurationIsVisible = 0;
			defaultConfigurationName = Release;
		};
		DAD3633C2123FFD100E9CA44 /* Build configuration list for PBXNativeTarget "Tests" */ = {
			isa = XCConfigurationList;
			buildConfigurations = (
				DAD3633D2123FFD100E9CA44 /* Debug */,
				DAD3633E2123FFD100E9CA44 /* Release */,
			);
			defaultConfigurationIsVisible = 0;
			defaultConfigurationName = Release;
		};
		DAD363522123FFF600E9CA44 /* Build configuration list for PBXNativeTarget "Demo" */ = {
			isa = XCConfigurationList;
			buildConfigurations = (
				DAD363532123FFF600E9CA44 /* Debug */,
				DAD363542123FFF600E9CA44 /* Release */,
			);
			defaultConfigurationIsVisible = 0;
			defaultConfigurationName = Release;
		};
/* End XCConfigurationList section */
	};
	rootObject = DAD3631F2123FF9E00E9CA44 /* Project object */;
}
